
Microsoft Visual Studio Solution File, Format Version 12.00
# Visual Studio 15
VisualStudioVersion = 15.0.28307.329
MinimumVisualStudioVersion = 10.0.40219.1
Project("{FAE04EC0-301F-11D3-BF4B-00C04F79EFBC}") = "Globalizacion", "Globalizacion\Globalizacion.csproj", "{D9F75D7E-B1D4-4B8C-9FE7-49A5D8C72C79}"
EndProject
Global
	GlobalSection(SolutionConfigurationPlatforms) = preSolution
		Debug|Any CPU = Debug|Any CPU
		Release|Any CPU = Release|Any CPU
	EndGlobalSection
	GlobalSection(ProjectConfigurationPlatforms) = postSolution
		{D9F75D7E-B1D4-4B8C-9FE7-49A5D8C72C79}.Debug|Any CPU.ActiveCfg = Debug|Any CPU
		{D9F75D7E-B1D4-4B8C-9FE7-49A5D8C72C79}.Debug|Any CPU.Build.0 = Debug|Any CPU
		{D9F75D7E-B1D4-4B8C-9FE7-49A5D8C72C79}.Release|Any CPU.ActiveCfg = Release|Any CPU
		{D9F75D7E-B1D4-4B8C-9FE7-49A5D8C72C79}.Release|Any CPU.Build.0 = Release|Any CPU
	EndGlobalSection
	GlobalSection(SolutionProperties) = preSolution
		HideSolutionNode = FALSE
	EndGlobalSection
	GlobalSection(ExtensibilityGlobals) = postSolution
		SolutionGuid = {0EC885BA-78FB-4ED2-BBA2-6B0A3BEC41C2}
	EndGlobalSection
EndGlobal
